// !$*UTF8*$!
{
	archiveVersion = 1;
	classes = {
	};
	objectVersion = 55;
	objects = {

/* Begin PBXBuildFile section */
		A1271126282AADB900536E66 /* AppDelegate.swift in Sources */ = {isa = PBXBuildFile; fileRef = A1271125282AADB900536E66 /* AppDelegate.swift */; };
		A1271128282AADB900536E66 /* ViewController.swift in Sources */ = {isa = PBXBuildFile; fileRef = A1271127282AADB900536E66 /* ViewController.swift */; };
		A127112A282AADBD00536E66 /* Assets.xcassets in Resources */ = {isa = PBXBuildFile; fileRef = A1271129282AADBD00536E66 /* Assets.xcassets */; };
		A127112D282AADBD00536E66 /* Main.storyboard in Resources */ = {isa = PBXBuildFile; fileRef = A127112B282AADBD00536E66 /* Main.storyboard */; };
		A1271138282AADBD00536E66 /* FloatingMirrorTests.swift in Sources */ = {isa = PBXBuildFile; fileRef = A1271137282AADBD00536E66 /* FloatingMirrorTests.swift */; };
		A1A6F9BA282BF7F900FD64EE /* WindowController.swift in Sources */ = {isa = PBXBuildFile; fileRef = A1A6F9B9282BF7F900FD64EE /* WindowController.swift */; };
		A1A6F9C3282BFB4700FD64EE /* RuntimeData.swift in Sources */ = {isa = PBXBuildFile; fileRef = A1A6F9C2282BFB4700FD64EE /* RuntimeData.swift */; };
		A1A6F9C6282BFC0700FD64EE /* RxSwift in Frameworks */ = {isa = PBXBuildFile; productRef = A1A6F9C5282BFC0700FD64EE /* RxSwift */; };
/* End PBXBuildFile section */

/* Begin PBXContainerItemProxy section */
		A1271134282AADBD00536E66 /* PBXContainerItemProxy */ = {
			isa = PBXContainerItemProxy;
			containerPortal = A127111A282AADB900536E66 /* Project object */;
			proxyType = 1;
			remoteGlobalIDString = A1271121282AADB900536E66;
			remoteInfo = FloatingMirror;
		};
/* End PBXContainerItemProxy section */

/* Begin PBXFileReference section */
		A1271122282AADB900536E66 /* FloatingMirror.app */ = {isa = PBXFileReference; explicitFileType = wrapper.application; includeInIndex = 0; path = FloatingMirror.app; sourceTree = BUILT_PRODUCTS_DIR; };
		A1271125282AADB900536E66 /* AppDelegate.swift */ = {isa = PBXFileReference; lastKnownFileType = sourcecode.swift; path = AppDelegate.swift; sourceTree = "<group>"; };
		A1271127282AADB900536E66 /* ViewController.swift */ = {isa = PBXFileReference; lastKnownFileType = sourcecode.swift; path = ViewController.swift; sourceTree = "<group>"; };
		A1271129282AADBD00536E66 /* Assets.xcassets */ = {isa = PBXFileReference; lastKnownFileType = folder.assetcatalog; path = Assets.xcassets; sourceTree = "<group>"; };
		A127112C282AADBD00536E66 /* Base */ = {isa = PBXFileReference; lastKnownFileType = file.storyboard; name = Base; path = Base.lproj/Main.storyboard; sourceTree = "<group>"; };
		A127112E282AADBD00536E66 /* FloatingMirror.entitlements */ = {isa = PBXFileReference; lastKnownFileType = text.plist.entitlements; path = FloatingMirror.entitlements; sourceTree = "<group>"; };
		A1271133282AADBD00536E66 /* FloatingMirrorTests.xctest */ = {isa = PBXFileReference; explicitFileType = wrapper.cfbundle; includeInIndex = 0; path = FloatingMirrorTests.xctest; sourceTree = BUILT_PRODUCTS_DIR; };
		A1271137282AADBD00536E66 /* FloatingMirrorTests.swift */ = {isa = PBXFileReference; lastKnownFileType = sourcecode.swift; path = FloatingMirrorTests.swift; sourceTree = "<group>"; };
		A1A6F9B9282BF7F900FD64EE /* WindowController.swift */ = {isa = PBXFileReference; lastKnownFileType = sourcecode.swift; path = WindowController.swift; sourceTree = "<group>"; };
		A1A6F9C2282BFB4700FD64EE /* RuntimeData.swift */ = {isa = PBXFileReference; lastKnownFileType = sourcecode.swift; path = RuntimeData.swift; sourceTree = "<group>"; };
/* End PBXFileReference section */

/* Begin PBXFrameworksBuildPhase section */
		A127111F282AADB900536E66 /* Frameworks */ = {
			isa = PBXFrameworksBuildPhase;
			buildActionMask = 2147483647;
			files = (
				A1A6F9C6282BFC0700FD64EE /* RxSwift in Frameworks */,
			);
			runOnlyForDeploymentPostprocessing = 0;
		};
		A1271130282AADBD00536E66 /* Frameworks */ = {
			isa = PBXFrameworksBuildPhase;
			buildActionMask = 2147483647;
			files = (
			);
			runOnlyForDeploymentPostprocessing = 0;
		};
/* End PBXFrameworksBuildPhase section */

/* Begin PBXGroup section */
		A1271119282AADB900536E66 = {
			isa = PBXGroup;
			children = (
				A1271124282AADB900536E66 /* FloatingMirror */,
				A1271136282AADBD00536E66 /* FloatingMirrorTests */,
				A1271123282AADB900536E66 /* Products */,
			);
			sourceTree = "<group>";
		};
		A1271123282AADB900536E66 /* Products */ = {
			isa = PBXGroup;
			children = (
				A1271122282AADB900536E66 /* FloatingMirror.app */,
				A1271133282AADBD00536E66 /* FloatingMirrorTests.xctest */,
			);
			name = Products;
			sourceTree = "<group>";
		};
		A1271124282AADB900536E66 /* FloatingMirror */ = {
			isa = PBXGroup;
			children = (
				A1271125282AADB900536E66 /* AppDelegate.swift */,
				A1A6F9C2282BFB4700FD64EE /* RuntimeData.swift */,
				A1A6F9B9282BF7F900FD64EE /* WindowController.swift */,
				A1271127282AADB900536E66 /* ViewController.swift */,
				A1271129282AADBD00536E66 /* Assets.xcassets */,
				A127112B282AADBD00536E66 /* Main.storyboard */,
				A127112E282AADBD00536E66 /* FloatingMirror.entitlements */,
			);
			path = FloatingMirror;
			sourceTree = "<group>";
		};
		A1271136282AADBD00536E66 /* FloatingMirrorTests */ = {
			isa = PBXGroup;
			children = (
				A1271137282AADBD00536E66 /* FloatingMirrorTests.swift */,
			);
			path = FloatingMirrorTests;
			sourceTree = "<group>";
		};
/* End PBXGroup section */

/* Begin PBXNativeTarget section */
		A1271121282AADB900536E66 /* FloatingMirror */ = {
			isa = PBXNativeTarget;
			buildConfigurationList = A1271147282AADBD00536E66 /* Build configuration list for PBXNativeTarget "FloatingMirror" */;
			buildPhases = (
				A127111E282AADB900536E66 /* Sources */,
				A127111F282AADB900536E66 /* Frameworks */,
				A1271120282AADB900536E66 /* Resources */,
			);
			buildRules = (
			);
			dependencies = (
			);
			name = FloatingMirror;
			packageProductDependencies = (
				A1A6F9C5282BFC0700FD64EE /* RxSwift */,
			);
			productName = FloatingMirror;
			productReference = A1271122282AADB900536E66 /* FloatingMirror.app */;
			productType = "com.apple.product-type.application";
		};
		A1271132282AADBD00536E66 /* FloatingMirrorTests */ = {
			isa = PBXNativeTarget;
			buildConfigurationList = A127114A282AADBD00536E66 /* Build configuration list for PBXNativeTarget "FloatingMirrorTests" */;
			buildPhases = (
				A127112F282AADBD00536E66 /* Sources */,
				A1271130282AADBD00536E66 /* Frameworks */,
				A1271131282AADBD00536E66 /* Resources */,
			);
			buildRules = (
			);
			dependencies = (
				A1271135282AADBD00536E66 /* PBXTargetDependency */,
			);
			name = FloatingMirrorTests;
			productName = FloatingMirrorTests;
			productReference = A1271133282AADBD00536E66 /* FloatingMirrorTests.xctest */;
			productType = "com.apple.product-type.bundle.unit-test";
		};
/* End PBXNativeTarget section */

/* Begin PBXProject section */
		A127111A282AADB900536E66 /* Project object */ = {
			isa = PBXProject;
			attributes = {
				BuildIndependentTargetsInParallel = 1;
				LastSwiftUpdateCheck = 1330;
				LastUpgradeCheck = 1330;
				TargetAttributes = {
					A1271121282AADB900536E66 = {
						CreatedOnToolsVersion = 13.3.1;
					};
					A1271132282AADBD00536E66 = {
						CreatedOnToolsVersion = 13.3.1;
						TestTargetID = A1271121282AADB900536E66;
					};
				};
			};
			buildConfigurationList = A127111D282AADB900536E66 /* Build configuration list for PBXProject "FloatingMirror" */;
			compatibilityVersion = "Xcode 13.0";
			developmentRegion = en;
			hasScannedForEncodings = 0;
			knownRegions = (
				en,
				Base,
			);
			mainGroup = A1271119282AADB900536E66;
			packageReferences = (
				A1A6F9C4282BFC0700FD64EE /* XCRemoteSwiftPackageReference "RxSwift" */,
			);
			productRefGroup = A1271123282AADB900536E66 /* Products */;
			projectDirPath = "";
			projectRoot = "";
			targets = (
				A1271121282AADB900536E66 /* FloatingMirror */,
				A1271132282AADBD00536E66 /* FloatingMirrorTests */,
			);
		};
/* End PBXProject section */

/* Begin PBXResourcesBuildPhase section */
		A1271120282AADB900536E66 /* Resources */ = {
			isa = PBXResourcesBuildPhase;
			buildActionMask = 2147483647;
			files = (
				A127112A282AADBD00536E66 /* Assets.xcassets in Resources */,
				A127112D282AADBD00536E66 /* Main.storyboard in Resources */,
			);
			runOnlyForDeploymentPostprocessing = 0;
		};
		A1271131282AADBD00536E66 /* Resources */ = {
			isa = PBXResourcesBuildPhase;
			buildActionMask = 2147483647;
			files = (
			);
			runOnlyForDeploymentPostprocessing = 0;
		};
/* End PBXResourcesBuildPhase section */

/* Begin PBXSourcesBuildPhase section */
		A127111E282AADB900536E66 /* Sources */ = {
			isa = PBXSourcesBuildPhase;
			buildActionMask = 2147483647;
			files = (
				A1271128282AADB900536E66 /* ViewController.swift in Sources */,
				A1A6F9BA282BF7F900FD64EE /* WindowController.swift in Sources */,
				A1A6F9C3282BFB4700FD64EE /* RuntimeData.swift in Sources */,
				A1271126282AADB900536E66 /* AppDelegate.swift in Sources */,
			);
			runOnlyForDeploymentPostprocessing = 0;
		};
		A127112F282AADBD00536E66 /* Sources */ = {
			isa = PBXSourcesBuildPhase;
			buildActionMask = 2147483647;
			files = (
				A1271138282AADBD00536E66 /* FloatingMirrorTests.swift in Sources */,
			);
			runOnlyForDeploymentPostprocessing = 0;
		};
/* End PBXSourcesBuildPhase section */

/* Begin PBXTargetDependency section */
		A1271135282AADBD00536E66 /* PBXTargetDependency */ = {
			isa = PBXTargetDependency;
			target = A1271121282AADB900536E66 /* FloatingMirror */;
			targetProxy = A1271134282AADBD00536E66 /* PBXContainerItemProxy */;
		};
/* End PBXTargetDependency section */

/* Begin PBXVariantGroup section */
		A127112B282AADBD00536E66 /* Main.storyboard */ = {
			isa = PBXVariantGroup;
			children = (
				A127112C282AADBD00536E66 /* Base */,
			);
			name = Main.storyboard;
			sourceTree = "<group>";
		};
/* End PBXVariantGroup section */

/* Begin XCBuildConfiguration section */
		A1271145282AADBD00536E66 /* Debug */ = {
			isa = XCBuildConfiguration;
			buildSettings = {
				ALWAYS_SEARCH_USER_PATHS = NO;
				CLANG_ANALYZER_NONNULL = YES;
				CLANG_ANALYZER_NUMBER_OBJECT_CONVERSION = YES_AGGRESSIVE;
				CLANG_CXX_LANGUAGE_STANDARD = "gnu++17";
				CLANG_ENABLE_MODULES = YES;
				CLANG_ENABLE_OBJC_ARC = YES;
				CLANG_ENABLE_OBJC_WEAK = YES;
				CLANG_WARN_BLOCK_CAPTURE_AUTORELEASING = YES;
				CLANG_WARN_BOOL_CONVERSION = YES;
				CLANG_WARN_COMMA = YES;
				CLANG_WARN_CONSTANT_CONVERSION = YES;
				CLANG_WARN_DEPRECATED_OBJC_IMPLEMENTATIONS = YES;
				CLANG_WARN_DIRECT_OBJC_ISA_USAGE = YES_ERROR;
				CLANG_WARN_DOCUMENTATION_COMMENTS = YES;
				CLANG_WARN_EMPTY_BODY = YES;
				CLANG_WARN_ENUM_CONVERSION = YES;
				CLANG_WARN_INFINITE_RECURSION = YES;
				CLANG_WARN_INT_CONVERSION = YES;
				CLANG_WARN_NON_LITERAL_NULL_CONVERSION = YES;
				CLANG_WARN_OBJC_IMPLICIT_RETAIN_SELF = YES;
				CLANG_WARN_OBJC_LITERAL_CONVERSION = YES;
				CLANG_WARN_OBJC_ROOT_CLASS = YES_ERROR;
				CLANG_WARN_QUOTED_INCLUDE_IN_FRAMEWORK_HEADER = YES;
				CLANG_WARN_RANGE_LOOP_ANALYSIS = YES;
				CLANG_WARN_STRICT_PROTOTYPES = YES;
				CLANG_WARN_SUSPICIOUS_MOVE = YES;
				CLANG_WARN_UNGUARDED_AVAILABILITY = YES_AGGRESSIVE;
				CLANG_WARN_UNREACHABLE_CODE = YES;
				CLANG_WARN__DUPLICATE_METHOD_MATCH = YES;
				COPY_PHASE_STRIP = NO;
				DEBUG_INFORMATION_FORMAT = dwarf;
				ENABLE_STRICT_OBJC_MSGSEND = YES;
				ENABLE_TESTABILITY = YES;
				GCC_C_LANGUAGE_STANDARD = gnu11;
				GCC_DYNAMIC_NO_PIC = NO;
				GCC_NO_COMMON_BLOCKS = YES;
				GCC_OPTIMIZATION_LEVEL = 0;
				GCC_PREPROCESSOR_DEFINITIONS = (
					"DEBUG=1",
					"$(inherited)",
				);
				GCC_WARN_64_TO_32_BIT_CONVERSION = YES;
				GCC_WARN_ABOUT_RETURN_TYPE = YES_ERROR;
				GCC_WARN_UNDECLARED_SELECTOR = YES;
				GCC_WARN_UNINITIALIZED_AUTOS = YES_AGGRESSIVE;
				GCC_WARN_UNUSED_FUNCTION = YES;
				GCC_WARN_UNUSED_VARIABLE = YES;
				MACOSX_DEPLOYMENT_TARGET = 12.3;
				MTL_ENABLE_DEBUG_INFO = INCLUDE_SOURCE;
				MTL_FAST_MATH = YES;
				ONLY_ACTIVE_ARCH = YES;
				SDKROOT = macosx;
				SWIFT_ACTIVE_COMPILATION_CONDITIONS = DEBUG;
				SWIFT_OPTIMIZATION_LEVEL = "-Onone";
			};
			name = Debug;
		};
		A1271146282AADBD00536E66 /* Release */ = {
			isa = XCBuildConfiguration;
			buildSettings = {
				ALWAYS_SEARCH_USER_PATHS = NO;
				CLANG_ANALYZER_NONNULL = YES;
				CLANG_ANALYZER_NUMBER_OBJECT_CONVERSION = YES_AGGRESSIVE;
				CLANG_CXX_LANGUAGE_STANDARD = "gnu++17";
				CLANG_ENABLE_MODULES = YES;
				CLANG_ENABLE_OBJC_ARC = YES;
				CLANG_ENABLE_OBJC_WEAK = YES;
				CLANG_WARN_BLOCK_CAPTURE_AUTORELEASING = YES;
				CLANG_WARN_BOOL_CONVERSION = YES;
				CLANG_WARN_COMMA = YES;
				CLANG_WARN_CONSTANT_CONVERSION = YES;
				CLANG_WARN_DEPRECATED_OBJC_IMPLEMENTATIONS = YES;
				CLANG_WARN_DIRECT_OBJC_ISA_USAGE = YES_ERROR;
				CLANG_WARN_DOCUMENTATION_COMMENTS = YES;
				CLANG_WARN_EMPTY_BODY = YES;
				CLANG_WARN_ENUM_CONVERSION = YES;
				CLANG_WARN_INFINITE_RECURSION = YES;
				CLANG_WARN_INT_CONVERSION = YES;
				CLANG_WARN_NON_LITERAL_NULL_CONVERSION = YES;
				CLANG_WARN_OBJC_IMPLICIT_RETAIN_SELF = YES;
				CLANG_WARN_OBJC_LITERAL_CONVERSION = YES;
				CLANG_WARN_OBJC_ROOT_CLASS = YES_ERROR;
				CLANG_WARN_QUOTED_INCLUDE_IN_FRAMEWORK_HEADER = YES;
				CLANG_WARN_RANGE_LOOP_ANALYSIS = YES;
				CLANG_WARN_STRICT_PROTOTYPES = YES;
				CLANG_WARN_SUSPICIOUS_MOVE = YES;
				CLANG_WARN_UNGUARDED_AVAILABILITY = YES_AGGRESSIVE;
				CLANG_WARN_UNREACHABLE_CODE = YES;
				CLANG_WARN__DUPLICATE_METHOD_MATCH = YES;
				COPY_PHASE_STRIP = NO;
				DEBUG_INFORMATION_FORMAT = "dwarf-with-dsym";
				ENABLE_NS_ASSERTIONS = NO;
				ENABLE_STRICT_OBJC_MSGSEND = YES;
				GCC_C_LANGUAGE_STANDARD = gnu11;
				GCC_NO_COMMON_BLOCKS = YES;
				GCC_WARN_64_TO_32_BIT_CONVERSION = YES;
				GCC_WARN_ABOUT_RETURN_TYPE = YES_ERROR;
				GCC_WARN_UNDECLARED_SELECTOR = YES;
				GCC_WARN_UNINITIALIZED_AUTOS = YES_AGGRESSIVE;
				GCC_WARN_UNUSED_FUNCTION = YES;
				GCC_WARN_UNUSED_VARIABLE = YES;
				MACOSX_DEPLOYMENT_TARGET = 12.3;
				MTL_ENABLE_DEBUG_INFO = NO;
				MTL_FAST_MATH = YES;
				SDKROOT = macosx;
				SWIFT_COMPILATION_MODE = wholemodule;
				SWIFT_OPTIMIZATION_LEVEL = "-O";
			};
			name = Release;
		};
		A1271148282AADBD00536E66 /* Debug */ = {
			isa = XCBuildConfiguration;
			buildSettings = {
				ASSETCATALOG_COMPILER_APPICON_NAME = AppIcon;
				ASSETCATALOG_COMPILER_GLOBAL_ACCENT_COLOR_NAME = AccentColor;
				CODE_SIGN_ENTITLEMENTS = FloatingMirror/FloatingMirror.entitlements;
				CODE_SIGN_STYLE = Automatic;
				COMBINE_HIDPI_IMAGES = YES;
				CURRENT_PROJECT_VERSION = 1;
				DEFAULT_WINDOW_SIZE = 300;
				DEVELOPMENT_TEAM = V6C8BWW65M;
				ENABLE_HARDENED_RUNTIME = YES;
				GENERATE_INFOPLIST_FILE = YES;
				INFOPLIST_KEY_LSApplicationCategoryType = "public.app-category.lifestyle";
				INFOPLIST_KEY_NSCameraUsageDescription = "This app requires camera access to capture your face.";
				INFOPLIST_KEY_NSHumanReadableCopyright = "";
				INFOPLIST_KEY_NSMainStoryboardFile = Main;
				INFOPLIST_KEY_NSPrincipalClass = NSApplication;
				LD_RUNPATH_SEARCH_PATHS = (
					"$(inherited)",
					"@executable_path/../Frameworks",
				);
				MARKETING_VERSION = 1.0;
				PRODUCT_BUNDLE_IDENTIFIER = com.appfried.floatingmirror.FloatingMirror;
				PRODUCT_NAME = "$(TARGET_NAME)";
				SWIFT_EMIT_LOC_STRINGS = YES;
				SWIFT_VERSION = 5.0;
			};
			name = Debug;
		};
		A1271149282AADBD00536E66 /* Release */ = {
			isa = XCBuildConfiguration;
			buildSettings = {
				ASSETCATALOG_COMPILER_APPICON_NAME = AppIcon;
				ASSETCATALOG_COMPILER_GLOBAL_ACCENT_COLOR_NAME = AccentColor;
				CODE_SIGN_ENTITLEMENTS = FloatingMirror/FloatingMirror.entitlements;
				CODE_SIGN_STYLE = Automatic;
				COMBINE_HIDPI_IMAGES = YES;
				CURRENT_PROJECT_VERSION = 1;
				DEFAULT_WINDOW_SIZE = 300;
				DEVELOPMENT_TEAM = V6C8BWW65M;
				ENABLE_HARDENED_RUNTIME = YES;
				GENERATE_INFOPLIST_FILE = YES;
				INFOPLIST_KEY_LSApplicationCategoryType = "public.app-category.lifestyle";
				INFOPLIST_KEY_NSCameraUsageDescription = "This app requires camera access to capture your face.";
				INFOPLIST_KEY_NSHumanReadableCopyright = "";
				INFOPLIST_KEY_NSMainStoryboardFile = Main;
				INFOPLIST_KEY_NSPrincipalClass = NSApplication;
				LD_RUNPATH_SEARCH_PATHS = (
					"$(inherited)",
					"@executable_path/../Frameworks",
				);
				MARKETING_VERSION = 1.0;
				PRODUCT_BUNDLE_IDENTIFIER = com.appfried.floatingmirror.FloatingMirror;
				PRODUCT_NAME = "$(TARGET_NAME)";
				SWIFT_EMIT_LOC_STRINGS = YES;
				SWIFT_VERSION = 5.0;
			};
			name = Release;
		};
		A127114B282AADBD00536E66 /* Debug */ = {
			isa = XCBuildConfiguration;
			buildSettings = {
				ALWAYS_EMBED_SWIFT_STANDARD_LIBRARIES = YES;
				BUNDLE_LOADER = "$(TEST_HOST)";
				CODE_SIGN_STYLE = Automatic;
				CURRENT_PROJECT_VERSION = 1;
				DEVELOPMENT_TEAM = V6C8BWW65M;
				GENERATE_INFOPLIST_FILE = YES;
				MACOSX_DEPLOYMENT_TARGET = 12.3;
				MARKETING_VERSION = 1.0;
				PRODUCT_BUNDLE_IDENTIFIER = com.appfried.floatingmirror.FloatingMirrorTests;
				PRODUCT_NAME = "$(TARGET_NAME)";
				SWIFT_EMIT_LOC_STRINGS = NO;
				SWIFT_VERSION = 5.0;
				TEST_HOST = "$(BUILT_PRODUCTS_DIR)/FloatingMirror.app/Contents/MacOS/FloatingMirror";
			};
			name = Debug;
		};
		A127114C282AADBD00536E66 /* Release */ = {
			isa = XCBuildConfiguration;
			buildSettings = {
				ALWAYS_EMBED_SWIFT_STANDARD_LIBRARIES = YES;
				BUNDLE_LOADER = "$(TEST_HOST)";
				CODE_SIGN_STYLE = Automatic;
				CURRENT_PROJECT_VERSION = 1;
				DEVELOPMENT_TEAM = V6C8BWW65M;
				GENERATE_INFOPLIST_FILE = YES;
				MACOSX_DEPLOYMENT_TARGET = 12.3;
				MARKETING_VERSION = 1.0;
				PRODUCT_BUNDLE_IDENTIFIER = com.appfried.floatingmirror.FloatingMirrorTests;
				PRODUCT_NAME = "$(TARGET_NAME)";
				SWIFT_EMIT_LOC_STRINGS = NO;
				SWIFT_VERSION = 5.0;
				TEST_HOST = "$(BUILT_PRODUCTS_DIR)/FloatingMirror.app/Contents/MacOS/FloatingMirror";
			};
			name = Release;
		};
/* End XCBuildConfiguration section */

/* Begin XCConfigurationList section */
		A127111D282AADB900536E66 /* Build configuration list for PBXProject "FloatingMirror" */ = {
			isa = XCConfigurationList;
			buildConfigurations = (
				A1271145282AADBD00536E66 /* Debug */,
				A1271146282AADBD00536E66 /* Release */,
			);
			defaultConfigurationIsVisible = 0;
			defaultConfigurationName = Release;
		};
		A1271147282AADBD00536E66 /* Build configuration list for PBXNativeTarget "FloatingMirror" */ = {
			isa = XCConfigurationList;
			buildConfigurations = (
				A1271148282AADBD00536E66 /* Debug */,
				A1271149282AADBD00536E66 /* Release */,
			);
			defaultConfigurationIsVisible = 0;
			defaultConfigurationName = Release;
		};
		A127114A282AADBD00536E66 /* Build configuration list for PBXNativeTarget "FloatingMirrorTests" */ = {
			isa = XCConfigurationList;
			buildConfigurations = (
				A127114B282AADBD00536E66 /* Debug */,
				A127114C282AADBD00536E66 /* Release */,
			);
			defaultConfigurationIsVisible = 0;
			defaultConfigurationName = Release;
		};
/* End XCConfigurationList section */

/* Begin XCRemoteSwiftPackageReference section */
		A1A6F9C4282BFC0700FD64EE /* XCRemoteSwiftPackageReference "RxSwift" */ = {
			isa = XCRemoteSwiftPackageReference;
			repositoryURL = "https://github.com/ReactiveX/RxSwift";
			requirement = {
				branch = main;
				kind = branch;
			};
		};
/* End XCRemoteSwiftPackageReference section */

/* Begin XCSwiftPackageProductDependency section */
		A1A6F9C5282BFC0700FD64EE /* RxSwift */ = {
			isa = XCSwiftPackageProductDependency;
			package = A1A6F9C4282BFC0700FD64EE /* XCRemoteSwiftPackageReference "RxSwift" */;
			productName = RxSwift;
		};
/* End XCSwiftPackageProductDependency section */
	};
	rootObject = A127111A282AADB900536E66 /* Project object */;
}
